
Microsoft Visual Studio Solution File, Format Version 12.00
# Visual Studio Version 16
VisualStudioVersion = 16.0.30907.101
MinimumVisualStudioVersion = 10.0.40219.1
Project("{9A19103F-16F7-4668-BE54-9A1E7A4F7556}") = "TaskControl", "TaskControl\TaskControl.csproj", "{8075874A-8B99-43B4-BCBC-A19236E6E703}"
EndProject
Project("{9A19103F-16F7-4668-BE54-9A1E7A4F7556}") = "TaskControlApp", "TaskControlApp\TaskControlApp.csproj", "{8971C4AC-3BBD-47B1-9E4E-F982BA0F5DAE}"
EndProject
Project("{FAE04EC0-301F-11D3-BF4B-00C04F79EFBC}") = "TaskControlForm", "TaskControlForm\TaskControlForm.csproj", "{ECC24766-1B7E-4363-BB44-1C3C2467B896}"
EndProject
Global
	GlobalSection(SolutionConfigurationPlatforms) = preSolution
		Debug|Any CPU = Debug|Any CPU
		Release|Any CPU = Release|Any CPU
	EndGlobalSection
	GlobalSection(ProjectConfigurationPlatforms) = postSolution
		{8075874A-8B99-43B4-BCBC-A19236E6E703}.Debug|Any CPU.ActiveCfg = Debug|Any CPU
		{8075874A-8B99-43B4-BCBC-A19236E6E703}.Debug|Any CPU.Build.0 = Debug|Any CPU
		{8075874A-8B99-43B4-BCBC-A19236E6E703}.Release|Any CPU.ActiveCfg = Release|Any CPU
		{8075874A-8B99-43B4-BCBC-A19236E6E703}.Release|Any CPU.Build.0 = Release|Any CPU
		{8971C4AC-3BBD-47B1-9E4E-F982BA0F5DAE}.Debug|Any CPU.ActiveCfg = Debug|Any CPU
		{8971C4AC-3BBD-47B1-9E4E-F982BA0F5DAE}.Debug|Any CPU.Build.0 = Debug|Any CPU
		{8971C4AC-3BBD-47B1-9E4E-F982BA0F5DAE}.Release|Any CPU.ActiveCfg = Release|Any CPU
		{8971C4AC-3BBD-47B1-9E4E-F982BA0F5DAE}.Release|Any CPU.Build.0 = Release|Any CPU
		{ECC24766-1B7E-4363-BB44-1C3C2467B896}.Debug|Any CPU.ActiveCfg = Debug|Any CPU
		{ECC24766-1B7E-4363-BB44-1C3C2467B896}.Debug|Any CPU.Build.0 = Debug|Any CPU
		{ECC24766-1B7E-4363-BB44-1C3C2467B896}.Release|Any CPU.ActiveCfg = Release|Any CPU
		{ECC24766-1B7E-4363-BB44-1C3C2467B896}.Release|Any CPU.Build.0 = Release|Any CPU
	EndGlobalSection
	GlobalSection(SolutionProperties) = preSolution
		HideSolutionNode = FALSE
	EndGlobalSection
	GlobalSection(ExtensibilityGlobals) = postSolution
		SolutionGuid = {DEE9A774-EDDB-4634-8DFF-E9EBB24AD7AC}
	EndGlobalSection
EndGlobal
